
Microsoft Visual Studio Solution File, Format Version 12.00
# Visual Studio 2013
VisualStudioVersion = 12.0.0.0
MinimumVisualStudioVersion = 10.0.0.1
Project("{F2A71F9B-5D33-465A-A702-920D77279786}") = "interpreter", "interpreter\interpreter.fsproj", "{31C23B22-72C2-43A2-9D4F-68D6B374145F}"
EndProject
Global
	GlobalSection(SolutionConfigurationPlatforms) = preSolution
		Debug|Any CPU = Debug|Any CPU
		Release|Any CPU = Release|Any CPU
	EndGlobalSection
	GlobalSection(ProjectConfigurationPlatforms) = postSolution
		{31C23B22-72C2-43A2-9D4F-68D6B374145F}.Debug|Any CPU.ActiveCfg = Debug|Any CPU
		{31C23B22-72C2-43A2-9D4F-68D6B374145F}.Debug|Any CPU.Build.0 = Debug|Any CPU
		{31C23B22-72C2-43A2-9D4F-68D6B374145F}.Release|Any CPU.ActiveCfg = Release|Any CPU
		{31C23B22-72C2-43A2-9D4F-68D6B374145F}.Release|Any CPU.Build.0 = Release|Any CPU
	EndGlobalSection
	GlobalSection(SolutionProperties) = preSolution
		HideSolutionNode = FALSE
	EndGlobalSection
EndGlobal
